<?xml version="1.0" encoding="utf-8"?>
<Project ToolsVersion="4.0" xmlns="http://schemas.microsoft.com/developer/msbuild/2003">
  <ItemGroup>
    <Filter Include="Source Files">
      <UniqueIdentifier>{4FC737F1-C7A5-4376-A066-2A32D752A2FF}</UniqueIdentifier>
      <Extensions>cpp;c;cc;cxx;def;odl;idl;hpj;bat;asm;asmx</Extensions>
    </Filter>
    <Filter Include="Header Files">
      <UniqueIdentifier>{93995380-89BD-4b04-88EB-625FBE52EBFB}</UniqueIdentifier>
      <Extensions>h;hh;hpp;hxx;hm;inl;inc;ipp;xsd</Extensions>
    </Filter>
    <Filter Include="Resource Files">
      <UniqueIdentifier>{67DA6AB6-F800-4c08-8B7A-83BB121AAD01}</UniqueIdentifier>
      <Extensions>rc;ico;cur;bmp;dlg;rc2;rct;bin;rgs;gif;jpg;jpeg;jpe;resx;tiff;tif;png;wav;mfcribbon-ms</Extensions>
    </Filter>
    <Filter Include="Source Files\inc">
      <UniqueIdentifier>{d6d54b56-01ea-4172-84ad-f94e71e91d07}</UniqueIdentifier>
    </Filter>
    <Filter Include="Source Files\src">
      <UniqueIdentifier>{2e29a0b1-4fb9-4654-9cba-c714ce52fb86}</UniqueIdentifier>
    </Filter>
    <Filter Include="Source Files\res">
      <UniqueIdentifier>{1e89b19f-ae56-4b32-9e03-ad7acf67fdc6}</UniqueIdentifier>
    </Filter>
  </ItemGroup>
  <ItemGroup>
    <ClCompile Include="src\Map.cpp">
      <Filter>Source Files\src</Filter>
    </ClCompile>
    <ClCompile Include="src\MapParser.cpp">
      <Filter>Source Files\src</Filter>
    </ClCompile>
    <ClCompile Include="src\MapTile.cpp">
      <Filter>Source Files\src</Filter>
    </ClCompile>
    <ClCompile Include="src\MapView.cpp">
      <Filter>Source Files\src</Filter>
    </ClCompile>
    <ClCompile Include="src\TerrainInfo.cpp">
      <Filter>Source Files\src</Filter>
    </ClCompile>
    <ClCompile Include="src\UnitInfo.cpp">
      <Filter>Source Files</Filter>
    </ClCompile>
    <ClCompile Include="src\GameState.cpp">
      <Filter>Source Files</Filter>
    </ClCompile>
    <ClCompile Include="main.cpp">
      <Filter>Source Files</Filter>
    </ClCompile>
    <ClCompile Include="src\AdvanceWarsServer.cpp">
      <Filter>Source Files</Filter>
    </ClCompile>
    <ClCompile Include="src\Player.cpp">
      <Filter>Source Files</Filter>
    </ClCompile>
    <ClCompile Include="src\CommandingOfficier.cpp">
      <Filter>Source Files</Filter>
    </ClCompile>
    <ClCompile Include="src\Unit.cpp">
      <Filter>Source Files</Filter>
    </ClCompile>
  </ItemGroup>
  <ItemGroup>
    <ClInclude Include="inc\Map.h">
      <Filter>Source Files\inc</Filter>
    </ClInclude>
    <ClInclude Include="inc\MapParser.h">
      <Filter>Source Files\inc</Filter>
    </ClInclude>
    <ClInclude Include="inc\MapTile.h">
      <Filter>Source Files\inc</Filter>
    </ClInclude>
    <ClInclude Include="inc\MapView.h">
      <Filter>Source Files\inc</Filter>
    </ClInclude>
    <ClInclude Include="inc\MovementTypes.h">
      <Filter>Source Files\inc</Filter>
    </ClInclude>
    <ClInclude Include="inc\Result.h">
      <Filter>Source Files\inc</Filter>
    </ClInclude>
    <ClInclude Include="inc\Terrain.h">
      <Filter>Source Files\inc</Filter>
    </ClInclude>
    <ClInclude Include="inc\TerrainFileId.h">
      <Filter>Source Files\inc</Filter>
    </ClInclude>
    <ClInclude Include="inc\TerrainInfo.h">
      <Filter>Source Files\inc</Filter>
    </ClInclude>
    <ClInclude Include="inc\Unit.h">
      <Filter>Header Files</Filter>
    </ClInclude>
    <ClInclude Include="inc\UnitInfo.h">
      <Filter>Header Files</Filter>
    </ClInclude>
    <ClInclude Include="inc\GameState.h">
      <Filter>Header Files</Filter>
    </ClInclude>
    <ClInclude Include="inc\Player.h">
      <Filter>Header Files</Filter>
    </ClInclude>
    <ClInclude Include="inc\CommandingOfficier.h">
      <Filter>Header Files</Filter>
    </ClInclude>
    <ClInclude Include="resource.h">
      <Filter>Header Files</Filter>
    </ClInclude>
    <ClInclude Include="deps\json-develop\single_include\nlohmann\json.hpp">
      <Filter>Header Files</Filter>
    </ClInclude>
    <ClInclude Include="D:\Projects\asio-1.30.2\asio-1.30.2\include\asio.hpp">
      <Filter>Header Files</Filter>
    </ClInclude>
    <ClInclude Include="D:\Projects\via-httplib-main\via-httplib-main\include\via\http_server.hpp">
      <Filter>Header Files</Filter>
    </ClInclude>
    <ClInclude Include="D:\Projects\via-httplib-main\via-httplib-main\include\via\comms\tcp_adaptor.hpp">
      <Filter>Header Files</Filter>
    </ClInclude>
    <ClInclude Include="D:\Projects\via-httplib-main\via-httplib-main\include\via\http\request_router.hpp">
      <Filter>Header Files</Filter>
    </ClInclude>
    <ClInclude Include="inc\AdvanceWarsServer.h">
      <Filter>Header Files</Filter>
    </ClInclude>
    <ClInclude Include="inc\MonteCarloTreeSearch.h">
      <Filter>Header Files</Filter>
    </ClInclude>
  </ItemGroup>
  <ItemGroup>
    <Text Include="res\AWBW\MapSources\From_Wharf_To_Wilds.txt">
      <Filter>Source Files\res</Filter>
    </Text>
  </ItemGroup>
  <ItemGroup>
    <ResourceCompile Include="AdvanceWarsServer.rc">
      <Filter>Resource Files</Filter>
    </ResourceCompile>
  </ItemGroup>
</Project>