<?xml version="1.0" encoding="utf-8"?>
<Project ToolsVersion="4.0" xmlns="http://schemas.microsoft.com/developer/msbuild/2003">
  <ItemGroup>
    <Filter Include="Source Files">
      <UniqueIdentifier>{4FC737F1-C7A5-4376-A066-2A32D752A2FF}</UniqueIdentifier>
      <Extensions>cpp;c;cc;cxx;def;odl;idl;hpj;bat;asm;asmx</Extensions>
    </Filter>
    <Filter Include="Header Files">
      <UniqueIdentifier>{93995380-89BD-4b04-88EB-625FBE52EBFB}</UniqueIdentifier>
      <Extensions>h;hh;hpp;hxx;hm;inl;inc;ipp;xsd</Extensions>
    </Filter>
    <Filter Include="Resource Files">
      <UniqueIdentifier>{67DA6AB6-F800-4c08-8B7A-83BB121AAD01}</UniqueIdentifier>
      <Extensions>rc;ico;cur;bmp;dlg;rc2;rct;bin;rgs;gif;jpg;jpeg;jpe;resx;tiff;tif;png;wav;mfcribbon-ms</Extensions>
    </Filter>
    <Filter Include="Source Files\inc">
      <UniqueIdentifier>{d6d54b56-01ea-4172-84ad-f94e71e91d07}</UniqueIdentifier>
    </Filter>
    <Filter Include="Source Files\src">
      <UniqueIdentifier>{2e29a0b1-4fb9-4654-9cba-c714ce52fb86}</UniqueIdentifier>
    </Filter>
    <Filter Include="Source Files\res">
      <UniqueIdentifier>{1e89b19f-ae56-4b32-9e03-ad7acf67fdc6}</UniqueIdentifier>
    </Filter>
  </ItemGroup>
  <ItemGroup>
    <ClCompile Include="src\Map.cpp">
      <Filter>Source Files\src</Filter>
    </ClCompile>
    <ClCompile Include="src\MapParser.cpp">
      <Filter>Source Files\src</Filter>
    </ClCompile>
    <ClCompile Include="src\MapTile.cpp">
      <Filter>Source Files\src</Filter>
    </ClCompile>
    <ClCompile Include="src\TerrainInfo.cpp">
      <Filter>Source Files\src</Filter>
    </ClCompile>
    <ClCompile Include="src\UnitInfo.cpp">
      <Filter>Source Files</Filter>
    </ClCompile>
    <ClCompile Include="src\GameState.cpp">
      <Filter>Source Files</Filter>
    </ClCompile>
    <ClCompile Include="main.cpp">
      <Filter>Source Files</Filter>
    </ClCompile>
    <ClCompile Include="src\AdvanceWarsServer.cpp">
      <Filter>Source Files</Filter>
    </ClCompile>
    <ClCompile Include="src\Player.cpp">
      <Filter>Source Files</Filter>
    </ClCompile>
    <ClCompile Include="src\CommandingOfficier.cpp">
      <Filter>Source Files</Filter>
    </ClCompile>
    <ClCompile Include="src\Unit.cpp">
      <Filter>Source Files</Filter>
    </ClCompile>
    <ClCompile Include="src\JsonSubsystemTest.cpp">
      <Filter>Source Files</Filter>
    </ClCompile>
  </ItemGroup>
  <ItemGroup>
    <ClInclude Include="inc\Map.h">
      <Filter>Source Files\inc</Filter>
    </ClInclude>
    <ClInclude Include="inc\MapParser.h">
      <Filter>Source Files\inc</Filter>
    </ClInclude>
    <ClInclude Include="inc\MapTile.h">
      <Filter>Source Files\inc</Filter>
    </ClInclude>
    <ClInclude Include="inc\MovementTypes.h">
      <Filter>Source Files\inc</Filter>
    </ClInclude>
    <ClInclude Include="inc\Result.h">
      <Filter>Source Files\inc</Filter>
    </ClInclude>
    <ClInclude Include="inc\Terrain.h">
      <Filter>Source Files\inc</Filter>
    </ClInclude>
    <ClInclude Include="inc\TerrainFileId.h">
      <Filter>Source Files\inc</Filter>
    </ClInclude>
    <ClInclude Include="inc\TerrainInfo.h">
      <Filter>Source Files\inc</Filter>
    </ClInclude>
    <ClInclude Include="inc\Unit.h">
      <Filter>Header Files</Filter>
    </ClInclude>
    <ClInclude Include="inc\UnitInfo.h">
      <Filter>Header Files</Filter>
    </ClInclude>
    <ClInclude Include="inc\GameState.h">
      <Filter>Header Files</Filter>
    </ClInclude>
    <ClInclude Include="inc\Player.h">
      <Filter>Header Files</Filter>
    </ClInclude>
    <ClInclude Include="inc\CommandingOfficier.h">
      <Filter>Header Files</Filter>
    </ClInclude>
    <ClInclude Include="resource.h">
      <Filter>Header Files</Filter>
    </ClInclude>
    <ClInclude Include="deps\json-develop\single_include\nlohmann\json.hpp">
      <Filter>Header Files</Filter>
    </ClInclude>
    <ClInclude Include="D:\Projects\asio-1.30.2\asio-1.30.2\include\asio.hpp">
      <Filter>Header Files</Filter>
    </ClInclude>
    <ClInclude Include="D:\Projects\via-httplib-main\via-httplib-main\include\via\http_server.hpp">
      <Filter>Header Files</Filter>
    </ClInclude>
    <ClInclude Include="D:\Projects\via-httplib-main\via-httplib-main\include\via\comms\tcp_adaptor.hpp">
      <Filter>Header Files</Filter>
    </ClInclude>
    <ClInclude Include="D:\Projects\via-httplib-main\via-httplib-main\include\via\http\request_router.hpp">
      <Filter>Header Files</Filter>
    </ClInclude>
    <ClInclude Include="inc\AdvanceWarsServer.h">
      <Filter>Header Files</Filter>
    </ClInclude>
    <ClInclude Include="inc\MonteCarloTreeSearch.h">
      <Filter>Header Files</Filter>
    </ClInclude>
    <ClInclude Include="inc\SubsystemTest.h">
      <Filter>Header Files</Filter>
    </ClInclude>
  </ItemGroup>
  <ItemGroup>
    <Text Include="res\AWBW\MapSources\From_Wharf_To_Wilds.txt">
      <Filter>Source Files\res</Filter>
    </Text>
  </ItemGroup>
  <ItemGroup>
    <ResourceCompile Include="AdvanceWarsServer.rc">
      <Filter>Resource Files</Filter>
    </ResourceCompile>
  </ItemGroup>
  <ItemGroup>
    <None Include="test\json\combat\infantry\road\road\infantryRoad0-antiAirRoad0.json" />
    <None Include="test\json\combat\infantry\road\road\infantryRoad0-apcRoad0.json" />
    <None Include="test\json\combat\infantry\road\road\infantryRoad0-artilleryRoad0.json" />
    <None Include="test\json\combat\infantry\road\road\infantryRoad0-infantryRoad0.json" />
    <None Include="test\json\combat\infantry\road\road\infantryRoad0-mechRoad0.json" />
    <None Include="test\json\combat\infantry\road\road\infantryRoad0-medTankRoad0.json" />
    <None Include="test\json\combat\infantry\road\road\infantryRoad0-missileRoad0.json" />
    <None Include="test\json\combat\infantry\road\road\infantryRoad0-piperunnerRoad0.json" />
    <None Include="test\json\combat\infantry\road\road\infantryRoad0-reconRoad0.json" />
    <None Include="test\json\combat\infantry\road\road\infantryRoad0-rocketRoad0.json" />
    <None Include="test\json\combat\tank\road\road\tankRoad0-infantryRoad0.json" />
    <None Include="test\json\combat\tank\road\road\tankRoad0_NoAmmo-tankRoad0_NoAmmo.json" />
    <None Include="test\json\combat\tank\road\road\tankRoad0-tankRoad0.json" />
    <None Include="test\json\combat\infantry\road\road\infantryRoad0-bcopterRoad0.json" />
    <None Include="test\json\combat\infantry\road\road\infantryRoad0-megatankRoad0.json" />
    <None Include="test\json\combat\infantry\road\road\infantryRoad0-neotankRoad0.json" />
    <None Include="test\json\combat\infantry\road\road\infantryRoad0-tcopterRoad0.json" />
    <None Include="test\json\combat\infantry\road\road\infantryRoad1-infantryRoad0.json" />
    <None Include="test\json\combat\infantry\road\road\infantryRoad1-antiAirRoad0.json" />
    <None Include="test\json\combat\infantry\road\road\infantryRoad1-apcRoad0.json" />
    <None Include="test\json\combat\infantry\road\road\infantryRoad1-artilleryRoad0.json" />
    <None Include="test\json\combat\infantry\road\road\infantryRoad1-bcopterRoad0.json" />
    <None Include="test\json\combat\infantry\road\road\infantryRoad1-mechRoad0.json" />
    <None Include="test\json\combat\infantry\road\road\infantryRoad1-medTankRoad0.json" />
    <None Include="test\json\combat\infantry\road\road\infantryRoad1-megatankRoad0.json" />
    <None Include="test\json\combat\infantry\road\road\infantryRoad1-missileRoad0.json" />
    <None Include="test\json\combat\infantry\road\road\infantryRoad1-neotankRoad0.json" />
    <None Include="test\json\combat\infantry\road\road\infantryRoad1-piperunnerRoad0.json" />
    <None Include="test\json\combat\infantry\road\road\infantryRoad1-reconRoad0.json" />
    <None Include="test\json\combat\infantry\road\road\infantryRoad1-rocketRoad0.json" />
    <None Include="test\json\combat\infantry\road\road\infantryRoad1-tcopterRoad0.json" />
    <None Include="test\json\combat\infantry\road\road\infantryRoad2-antiAirRoad0.json" />
    <None Include="test\json\combat\infantry\road\road\infantryRoad2-apcRoad0.json" />
    <None Include="test\json\combat\infantry\road\road\infantryRoad2-artilleryRoad0.json" />
    <None Include="test\json\combat\infantry\road\road\infantryRoad2-bcopterRoad0.json" />
    <None Include="test\json\combat\infantry\road\road\infantryRoad2-infantryRoad0.json" />
    <None Include="test\json\combat\infantry\road\road\infantryRoad2-mechRoad0.json" />
    <None Include="test\json\combat\infantry\road\road\infantryRoad2-medTankRoad0.json" />
    <None Include="test\json\combat\infantry\road\road\infantryRoad2-megatankRoad0.json" />
    <None Include="test\json\combat\infantry\road\road\infantryRoad2-missileRoad0.json" />
    <None Include="test\json\combat\infantry\road\road\infantryRoad2-neotankRoad0.json" />
    <None Include="test\json\combat\infantry\road\road\infantryRoad2-piperunnerRoad0.json" />
    <None Include="test\json\combat\infantry\road\road\infantryRoad2-reconRoad0.json" />
    <None Include="test\json\combat\infantry\road\road\infantryRoad2-rocketRoad0.json" />
    <None Include="test\json\combat\infantry\road\road\infantryRoad2-tcopterRoad0.json" />
    <None Include="test\json\combat\infantry\road\road\infantryRoad0-antiAirRoad1.json" />
    <None Include="test\json\combat\infantry\road\road\infantryRoad0-antiAirRoad2.json" />
    <None Include="test\json\combat\infantry\road\road\infantryRoad0-apcRoad1.json" />
    <None Include="test\json\combat\infantry\road\road\infantryRoad0-apcRoad2.json" />
    <None Include="test\json\combat\infantry\road\road\infantryRoad0-artilleryRoad1.json" />
    <None Include="test\json\combat\infantry\road\road\infantryRoad0-artilleryRoad2.json" />
    <None Include="test\json\combat\infantry\road\road\infantryRoad0-bcopterRoad1.json" />
    <None Include="test\json\combat\infantry\road\road\infantryRoad0-bcopterRoad2.json" />
    <None Include="test\json\combat\infantry\road\road\infantryRoad0-infantryRoad1.json" />
    <None Include="test\json\combat\infantry\road\road\infantryRoad0-infantryRoad2.json" />
    <None Include="test\json\combat\infantry\road\road\infantryRoad0-mechRoad1.json" />
    <None Include="test\json\combat\infantry\road\road\infantryRoad0-mechRoad2.json" />
    <None Include="test\json\combat\infantry\road\road\infantryRoad0-medTankRoad1.json" />
    <None Include="test\json\combat\infantry\road\road\infantryRoad0-medTankRoad2.json" />
    <None Include="test\json\combat\infantry\road\road\infantryRoad0-megatankRoad1.json" />
    <None Include="test\json\combat\infantry\road\road\infantryRoad0-megatankRoad2.json" />
    <None Include="test\json\combat\infantry\road\road\infantryRoad0-missileRoad1.json" />
    <None Include="test\json\combat\infantry\road\road\infantryRoad0-missileRoad2.json" />
    <None Include="test\json\combat\infantry\road\road\infantryRoad0-neotankRoad1.json" />
    <None Include="test\json\combat\infantry\road\road\infantryRoad0-neotankRoad2.json" />
    <None Include="test\json\combat\infantry\road\road\infantryRoad0-piperunnerRoad1.json" />
    <None Include="test\json\combat\infantry\road\road\infantryRoad0-piperunnerRoad2.json" />
    <None Include="test\json\combat\infantry\road\road\infantryRoad0-reconRoad1.json" />
    <None Include="test\json\combat\infantry\road\road\infantryRoad0-reconRoad2.json" />
    <None Include="test\json\combat\infantry\road\road\infantryRoad0-rocketRoad1.json" />
    <None Include="test\json\combat\infantry\road\road\infantryRoad0-rocketRoad2.json" />
    <None Include="test\json\combat\infantry\road\road\infantryRoad0-tcopterRoad1.json" />
    <None Include="test\json\combat\infantry\road\road\infantryRoad0-tcopterRoad2.json" />
    <None Include="test\json\combat\infantry\road\plains\infantryRoad0-antiAirPlains0.json" />
    <None Include="test\json\combat\infantry\road\plains\infantryRoad0-antiAirPlains1.json" />
    <None Include="test\json\combat\infantry\road\plains\infantryRoad0-antiAirPlains2.json" />
    <None Include="test\json\combat\infantry\road\plains\infantryRoad0-apcPlains0.json" />
    <None Include="test\json\combat\infantry\road\plains\infantryRoad0-apcPlains1.json" />
    <None Include="test\json\combat\infantry\road\plains\infantryRoad0-apcPlains2.json" />
    <None Include="test\json\combat\infantry\road\road\infantryRoad1-antiAirRoad1.json" />
    <None Include="test\json\combat\infantry\road\road\infantryRoad1-antiAirRoad2.json" />
    <None Include="test\json\combat\infantry\road\road\infantryRoad1-apcRoad1.json" />
    <None Include="test\json\combat\infantry\road\road\infantryRoad1-apcRoad2.json" />
    <None Include="test\json\combat\infantry\road\plains\infantryRoad0-bcopterPlains0.json" />
    <None Include="test\json\combat\infantry\road\plains\infantryRoad0-bcopterPlains1.json" />
    <None Include="test\json\combat\infantry\road\plains\infantryRoad0-bcopterPlains2.json" />
    <None Include="test\json\combat\infantry\road\plains\infantryRoad0-infantryPlains0.json" />
    <None Include="test\json\combat\infantry\road\plains\infantryRoad0-infantryPlains1.json" />
    <None Include="test\json\combat\infantry\road\plains\infantryRoad0-infantryPlains2.json" />
    <None Include="test\json\combat\infantry\road\plains\infantryRoad0-mechPlains0.json" />
    <None Include="test\json\combat\infantry\road\plains\infantryRoad0-mechPlains1.json" />
    <None Include="test\json\combat\infantry\road\plains\infantryRoad0-mechPlains2.json" />
    <None Include="test\json\combat\infantry\road\plains\infantryRoad0-artilleryPlains0.json" />
    <None Include="test\json\combat\infantry\road\plains\infantryRoad0-artilleryPlains1.json" />
    <None Include="test\json\combat\infantry\road\plains\infantryRoad0-artilleryPlains2.json" />
    <None Include="test\json\combat\infantry\infantryCity0-infantryCity0.json" />
    <None Include="test\json\combat\infantry\infantryMountain0-infantryMountain0.json" />
    <None Include="test\json\combat\infantry\road\city\infantryRoad0-infantryCity0.json" />
    <None Include="test\json\combat\infantry\road\city\infantryRoad0-infantryCity1.json" />
    <None Include="test\json\combat\infantry\road\city\infantryRoad0-infantryCity2.json" />
    <None Include="test\json\combat\infantry\road\mountain\infantryRoad0-infantryMountain0.json" />
    <None Include="test\json\combat\infantry\road\mountain\infantryRoad0-infantryMountain1.json" />
    <None Include="test\json\combat\infantry\road\mountain\infantryRoad0-infantryMountain2.json" />
    <None Include="test\json\combat\infantry\plains\plains\infantryPlains0-infantryPlains0.json" />
    <None Include="test\json\transport\apc\load-infantry.json" />
    <None Include="test\json\transport\apc\move-unload-infantry.json" />
    <None Include="test\json\transport\apc\unload-infantry.json" />
    <None Include="test\json\transport\apc\resupply-after-movement.json" />
    <None Include="test\json\transport\apc\resupply-begin-turn.json" />
    <None Include="test\json\transport\apc\load-mech.json" />
    <None Include="test\json\transport\apc\multiple-loads-unloads.json" />
    <None Include="test\json\transport\apc\unload-mech.json" />
    <None Include="test\json\transport\tcopter\load-infantry.json" />
    <None Include="test\json\transport\tcopter\load-mech.json" />
    <None Include="test\json\transport\tcopter\load-multiple-infantry-fails.json" />
    <None Include="test\json\transport\apc\load-multiple-infantry-fails.json" />
    <None Include="test\json\transport\tcopter\move-unload-infantry.json" />
    <None Include="test\json\transport\tcopter\unload-infantry.json" />
    <None Include="test\json\transport\tcopter\unload-mech.json" />
    <None Include="test\json\transport\tcopter\multiple-loads-unloads.json" />
    <None Include="test\json\transport\blackboat\load-infantry.json" />
    <None Include="test\json\transport\blackboat\load-infantry-multiple.json" />
    <None Include="test\json\transport\blackboat\load-mech.json" />
    <None Include="test\json\transport\blackboat\load-mech-multiple.json" />
    <None Include="test\json\transport\lander\load-multiple-units.json" />
    <None Include="test\json\transport\crusier\load-multiple-units.json" />
    <None Include="test\json\transport\carrier\load-multiple-units.json" />
    <None Include="test\json\captures\infantry44CaptureNeutralCity20.json" />
    <None Include="test\json\captures\infantry91CaptureNeutralCity15.json" />
    <None Include="test\json\captures\infantry100CaptureNeutralCity20.json" />
    <None Include="test\json\captures\infantry100FlipEnemyCity.json" />
    <None Include="test\json\captures\infantry100FlipNeutralAirport.json" />
    <None Include="test\json\captures\infantry100FlipNeutralBase.json" />
    <None Include="test\json\captures\infantry100FlipNeutralCity.json" />
    <None Include="test\json\captures\infantry100FlipNeutralPort.json" />
    <None Include="test\json\captures\infantry100FlipNeutralComTower.json" />
    <None Include="test\json\captures\infantry100FlipNeutralLab.json" />
    <None Include="test\json\joining\full-health-join-hurt.json" />
    <None Include="test\json\joining\hurt-join-full-health-fail.json" />
    <None Include="test\json\joining\basic-supply.json" />
    <None Include="test\json\joining\join-moved-unit.json" />
    <None Include="test\json\joining\refund.json" />
    <None Include="test\json\misc\begin-turn-fuel.json" />
    <None Include="test\json\misc\begin-turn-fuel-out_of_fuel.json" />
    <None Include="test\json\misc\begin-turn-funds.json" />
    <None Include="test\json\misc\begin-turn-repair-enough-funds.json" />
    <None Include="test\json\misc\begin-turn-repair-not-enough-funds.json" />
    <None Include="test\json\captures\infantry-join-capture.json" />
    <None Include="test\json\captures\infantry-stops-capture.json" />
    <None Include="test\json\misc\end-game-rout-indirect-attack.json" />
    <None Include="test\json\misc\end-game-rout-counterattack.json" />
    <None Include="test\json\misc\end-game-rout-direct-attack.json" />
    <None Include="test\json\misc\end-game-rout-no-gas-unit.json" />
    <None Include="test\json\misc\end-game-capturelimit-player0.json" />
    <None Include="test\json\misc\end-game-hqcap-player0.json" />
    <None Include="test\json\misc\end-game-hqcap-player1.json" />
    <None Include="test\json\misc\end-game-labcapture-player0.json" />
  </ItemGroup>
</Project>